# This file is autogenerated, do not edit; changes may be undone by the next 'dep ensure'.


[[projects]]
  branch = "master"
  digest = "1:9831b48eaba66c6eee6b8bc698d5a669088313cfee3c94435056e3522e4a53fb"
  name = "github.com/MakeNowJust/heredoc"
  packages = ["."]
  pruneopts = "UT"
  revision = "e9091a26100e9cfb2b6a8f470085bfa541931a91"

[[projects]]
  digest = "1:256dd949e34358cbf396484da03e028e3c004a7a031d59892aef0a101fa0a01c"
  name = "github.com/disintegration/imaging"
  packages = ["."]
  pruneopts = "UT"
  revision = "bbcee2f5c9d5e94ca42c8b50ec847fec64a6c134"
  version = "v1.4.2"

[[projects]]
  digest = "1:8200d8bc3c223956f4ed7c9c69f41c02f61959058a0ab6ace618dbf39934a31f"
  name = "github.com/eliukblau/pixterm"
  packages = ["ansimage"]
  pruneopts = "UT"
  revision = "b5994edcb4dd8d40668253cb9fb04f256b26dea5"
  version = "v1.2.4"

[[projects]]
  digest = "1:a2cff208d4759f6ba1b1cd228587b0a1869f95f22542ec9cd17fff64430113c7"
  name = "github.com/jessevdk/go-flags"
  packages = ["."]
  pruneopts = "UT"
  revision = "c6ca198ec95c841fdb89fc0de7496fed11ab854e"
  version = "v1.4.0"

[[projects]]
  digest = "1:ce87064aaa97ee9598bffb4556f1cd6d513cf47791bb57ebc3f1619153f4d59f"
  name = "github.com/lucasb-eyer/go-colorful"
  packages = ["."]
  pruneopts = "UT"
  revision = "d4cf663bea3fd1f57cfb5c8b5db17386162e1540"
  version = "v0.9"

[[projects]]
  branch = "master"
  digest = "1:c8894b012a5d7035cfe837c0d63eb116ac89585a7638ffa6e5e898cb9b2d8c41"
  name = "golang.org/x/image"
  packages = [
    "bmp",
    "riff",
    "tiff",
    "tiff/lzw",
    "vp8",
    "vp8l",
    "webp",
  ]
  pruneopts = "UT"
  revision = "c73c2afc3b812cdd6385de5a50616511c4a3d458"

[solve-meta]
  analyzer-name = "dep"
  analyzer-version = 1
  input-imports = [
    "github.com/MakeNowJust/heredoc",
    "github.com/eliukblau/pixterm/ansimage",
    "github.com/jessevdk/go-flags",
  ]
  solver-name = "gps-cdcl"
  solver-version = 1
